{
	"name": "@blubox/cors",
	"lockfileVersion": 3,
	"requires": true,
	"packages": {
		"": {
			"name": "@blubox/cors",
			"license": "MIT",
			"peerDependencies": {
				"blubox": "^1.0.1"
			}
		},
		"node_modules/blubox": {
			"version": "1.0.1",
			"resolved": "https://registry.npmjs.org/blubox/-/blubox-1.0.1.tgz",
			"integrity": "sha512-lY374ZvMl+nu/Gu2fVnhbNcAumq44eM8ZswXkug+BdiZGDMcslTt+xXFpxThIl9wofXtjZst2fH2B2eNTZro3g==",
			"peer": true
		}
	}
}
